
Microsoft Visual Studio Solution File, Format Version 12.00
# Visual Studio 15
VisualStudioVersion = 15.0.27428.2005
MinimumVisualStudioVersion = 10.0.40219.1
Project("{2150E333-8FDC-42A3-9474-1A3956D46DE8}") = "0 - Apresentação", "0 - Apresentação", "{E51C58AC-919D-472E-AABB-7966F6A4B752}"
EndProject
Project("{2150E333-8FDC-42A3-9474-1A3956D46DE8}") = "1 - Serviços", "1 - Serviços", "{C19B89D1-9ACE-450F-A3D3-CC6888F7A016}"
EndProject
Project("{2150E333-8FDC-42A3-9474-1A3956D46DE8}") = "2 - Aplicação", "2 - Aplicação", "{D0555206-D0B1-4228-8349-A9844AE6ABF1}"
EndProject
Project("{2150E333-8FDC-42A3-9474-1A3956D46DE8}") = "3 - Dominio", "3 - Dominio", "{DB690E3F-2FD6-4842-B0E6-F08DAE488EF4}"
EndProject
Project("{2150E333-8FDC-42A3-9474-1A3956D46DE8}") = "4 - Infraestrutura", "4 - Infraestrutura", "{8BEEEE2D-2121-422D-AF96-BB216687971A}"
EndProject
Project("{FAE04EC0-301F-11D3-BF4B-00C04F79EFBC}") = "ProjetoModeloDDD.MVC", "ProjetoModeloDDD.MVC\ProjetoModeloDDD.MVC.csproj", "{CA319C02-F3F9-433E-A505-EBB9DC3FC34F}"
EndProject
Project("{FAE04EC0-301F-11D3-BF4B-00C04F79EFBC}") = "ProjetoModeloDDD.Dominio", "ProjetoModeloDDD.Dominio\ProjetoModeloDDD.Dominio.csproj", "{1D539A0A-6AA3-4F69-8C70-786E9896D616}"
EndProject
Project("{2150E333-8FDC-42A3-9474-1A3956D46DE8}") = "4.1 - Dados", "4.1 - Dados", "{AD6122B7-2D43-46BE-AB18-53B4272E32FE}"
EndProject
Project("{2150E333-8FDC-42A3-9474-1A3956D46DE8}") = "4.2 - CrossCutting", "4.2 - CrossCutting", "{8FA49C2C-5A4B-4580-8C32-C61A8019C4AE}"
EndProject
Project("{FAE04EC0-301F-11D3-BF4B-00C04F79EFBC}") = "ProjetoModeloDDD.Infraestrutura.Dados", "ProjetoModeloDDD.Infraestrutura.Dados\ProjetoModeloDDD.Infraestrutura.Dados.csproj", "{2E2C189F-2D90-41C3-88AD-3E29EEC91E2F}"
EndProject
Project("{FAE04EC0-301F-11D3-BF4B-00C04F79EFBC}") = "ProjetoModeleDDD.Aplicação", "ProjetoModeleDDD.Aplicação\ProjetoModeleDDD.Aplicação.csproj", "{33346D08-67B3-4F41-AC27-175240CA3AF3}"
EndProject
Global
	GlobalSection(SolutionConfigurationPlatforms) = preSolution
		Debug|Any CPU = Debug|Any CPU
		Release|Any CPU = Release|Any CPU
	EndGlobalSection
	GlobalSection(ProjectConfigurationPlatforms) = postSolution
		{CA319C02-F3F9-433E-A505-EBB9DC3FC34F}.Debug|Any CPU.ActiveCfg = Debug|Any CPU
		{CA319C02-F3F9-433E-A505-EBB9DC3FC34F}.Debug|Any CPU.Build.0 = Debug|Any CPU
		{CA319C02-F3F9-433E-A505-EBB9DC3FC34F}.Release|Any CPU.ActiveCfg = Release|Any CPU
		{CA319C02-F3F9-433E-A505-EBB9DC3FC34F}.Release|Any CPU.Build.0 = Release|Any CPU
		{1D539A0A-6AA3-4F69-8C70-786E9896D616}.Debug|Any CPU.ActiveCfg = Debug|Any CPU
		{1D539A0A-6AA3-4F69-8C70-786E9896D616}.Debug|Any CPU.Build.0 = Debug|Any CPU
		{1D539A0A-6AA3-4F69-8C70-786E9896D616}.Release|Any CPU.ActiveCfg = Release|Any CPU
		{1D539A0A-6AA3-4F69-8C70-786E9896D616}.Release|Any CPU.Build.0 = Release|Any CPU
		{2E2C189F-2D90-41C3-88AD-3E29EEC91E2F}.Debug|Any CPU.ActiveCfg = Debug|Any CPU
		{2E2C189F-2D90-41C3-88AD-3E29EEC91E2F}.Debug|Any CPU.Build.0 = Debug|Any CPU
		{2E2C189F-2D90-41C3-88AD-3E29EEC91E2F}.Release|Any CPU.ActiveCfg = Release|Any CPU
		{2E2C189F-2D90-41C3-88AD-3E29EEC91E2F}.Release|Any CPU.Build.0 = Release|Any CPU
		{33346D08-67B3-4F41-AC27-175240CA3AF3}.Debug|Any CPU.ActiveCfg = Debug|Any CPU
		{33346D08-67B3-4F41-AC27-175240CA3AF3}.Debug|Any CPU.Build.0 = Debug|Any CPU
		{33346D08-67B3-4F41-AC27-175240CA3AF3}.Release|Any CPU.ActiveCfg = Release|Any CPU
		{33346D08-67B3-4F41-AC27-175240CA3AF3}.Release|Any CPU.Build.0 = Release|Any CPU
	EndGlobalSection
	GlobalSection(SolutionProperties) = preSolution
		HideSolutionNode = FALSE
	EndGlobalSection
	GlobalSection(NestedProjects) = preSolution
		{CA319C02-F3F9-433E-A505-EBB9DC3FC34F} = {E51C58AC-919D-472E-AABB-7966F6A4B752}
		{1D539A0A-6AA3-4F69-8C70-786E9896D616} = {DB690E3F-2FD6-4842-B0E6-F08DAE488EF4}
		{AD6122B7-2D43-46BE-AB18-53B4272E32FE} = {8BEEEE2D-2121-422D-AF96-BB216687971A}
		{8FA49C2C-5A4B-4580-8C32-C61A8019C4AE} = {8BEEEE2D-2121-422D-AF96-BB216687971A}
		{2E2C189F-2D90-41C3-88AD-3E29EEC91E2F} = {AD6122B7-2D43-46BE-AB18-53B4272E32FE}
		{33346D08-67B3-4F41-AC27-175240CA3AF3} = {D0555206-D0B1-4228-8349-A9844AE6ABF1}
	EndGlobalSection
	GlobalSection(ExtensibilityGlobals) = postSolution
		SolutionGuid = {0F3D39B2-A91D-444D-A537-1F78F33A161A}
	EndGlobalSection
EndGlobal
